// !$*UTF8*$!
{
	archiveVersion = 1;
	classes = {
	};
	objectVersion = 46;
	objects = {

/* Begin PBXBuildFile section */
		3B267998224E7488006F2C9E /* EditTravel_ViewController.swift in Sources */ = {isa = PBXBuildFile; fileRef = 3B267997224E7488006F2C9E /* EditTravel_ViewController.swift */; };
		3B3A38AC224B7BA700D4C5D5 /* TransactionDAO.swift in Sources */ = {isa = PBXBuildFile; fileRef = 3B3A38AB224B7BA700D4C5D5 /* TransactionDAO.swift */; };
		3B3A38AE224B7BD200D4C5D5 /* TransactionSetViewModel.swift in Sources */ = {isa = PBXBuildFile; fileRef = 3B3A38AD224B7BD200D4C5D5 /* TransactionSetViewModel.swift */; };
		3B3A38B0224B7BEB00D4C5D5 /* Transaction.swift in Sources */ = {isa = PBXBuildFile; fileRef = 3B3A38AF224B7BEB00D4C5D5 /* Transaction.swift */; };
		3B3A38B2224B7C0B00D4C5D5 /* TransactionSet.swift in Sources */ = {isa = PBXBuildFile; fileRef = 3B3A38B1224B7C0B00D4C5D5 /* TransactionSet.swift */; };
		3B3A38B4224B7C3400D4C5D5 /* Transaction_TableViewController.swift in Sources */ = {isa = PBXBuildFile; fileRef = 3B3A38B3224B7C3400D4C5D5 /* Transaction_TableViewController.swift */; };
		3B3A38B6224B819500D4C5D5 /* SpendingViewController.swift in Sources */ = {isa = PBXBuildFile; fileRef = 3B3A38B5224B819500D4C5D5 /* SpendingViewController.swift */; };
		3BEE7577224B6ECB00D2ED38 /* EmbedTravelViewController.swift in Sources */ = {isa = PBXBuildFile; fileRef = 3BEE7576224B6ECB00D2ED38 /* EmbedTravelViewController.swift */; };
		3BF7A0BE224D0A6100C85846 /* AlertHelper.swift in Sources */ = {isa = PBXBuildFile; fileRef = 3BF7A0BD224D0A6100C85846 /* AlertHelper.swift */; };
		4A2854B6224A62B0007EB180 /* Travel.swift in Sources */ = {isa = PBXBuildFile; fileRef = 4A2854B5224A62B0007EB180 /* Travel.swift */; };
		4A2854B8224A62E2007EB180 /* TravelDAO.swift in Sources */ = {isa = PBXBuildFile; fileRef = 4A2854B7224A62E2007EB180 /* TravelDAO.swift */; };
		4A2854BA224A630B007EB180 /* TravelSetViewModel.swift in Sources */ = {isa = PBXBuildFile; fileRef = 4A2854B9224A630B007EB180 /* TravelSetViewModel.swift */; };
		4A2854BC224A633E007EB180 /* Travel_TableViewController.swift in Sources */ = {isa = PBXBuildFile; fileRef = 4A2854BB224A633E007EB180 /* Travel_TableViewController.swift */; };
		4A2854BE224A65AE007EB180 /* TravelSet.swift in Sources */ = {isa = PBXBuildFile; fileRef = 4A2854BD224A65AE007EB180 /* TravelSet.swift */; };
		4A2854C0224A6F79007EB180 /* CoreDataManager.swift in Sources */ = {isa = PBXBuildFile; fileRef = 4A2854BF224A6F79007EB180 /* CoreDataManager.swift */; };
		4A84D7F0224A97A7001D644A /* ShowTravel_ViewController.swift in Sources */ = {isa = PBXBuildFile; fileRef = 4A84D7EF224A97A7001D644A /* ShowTravel_ViewController.swift */; };
		4A84D7F2224A97C6001D644A /* CreateTravel_ViewController.swift in Sources */ = {isa = PBXBuildFile; fileRef = 4A84D7F1224A97C6001D644A /* CreateTravel_ViewController.swift */; };
		4AC7D32D225266D4000F2517 /* Debt.swift in Sources */ = {isa = PBXBuildFile; fileRef = 4AC7D32C225266D4000F2517 /* Debt.swift */; };
		4AC7D32F225268B6000F2517 /* PersonalBalance.swift in Sources */ = {isa = PBXBuildFile; fileRef = 4AC7D32E225268B6000F2517 /* PersonalBalance.swift */; };
		4AC7D331225268D9000F2517 /* PersonalBalanceDAO.swift in Sources */ = {isa = PBXBuildFile; fileRef = 4AC7D330225268D9000F2517 /* PersonalBalanceDAO.swift */; };
		827E3356224A282600DCA34F /* AppDelegate.swift in Sources */ = {isa = PBXBuildFile; fileRef = 827E3355224A282600DCA34F /* AppDelegate.swift */; };
		827E3358224A282600DCA34F /* ViewController.swift in Sources */ = {isa = PBXBuildFile; fileRef = 827E3357224A282600DCA34F /* ViewController.swift */; };
		827E335B224A282600DCA34F /* Main.storyboard in Resources */ = {isa = PBXBuildFile; fileRef = 827E3359224A282600DCA34F /* Main.storyboard */; };
		827E335E224A282600DCA34F /* ManageUrTrip.xcdatamodeld in Sources */ = {isa = PBXBuildFile; fileRef = 827E335C224A282600DCA34F /* ManageUrTrip.xcdatamodeld */; };
		827E3360224A282600DCA34F /* Assets.xcassets in Resources */ = {isa = PBXBuildFile; fileRef = 827E335F224A282600DCA34F /* Assets.xcassets */; };
		827E3363224A282600DCA34F /* LaunchScreen.storyboard in Resources */ = {isa = PBXBuildFile; fileRef = 827E3361224A282600DCA34F /* LaunchScreen.storyboard */; };
		827E336E224A282600DCA34F /* ManageUrTripTests.swift in Sources */ = {isa = PBXBuildFile; fileRef = 827E336D224A282600DCA34F /* ManageUrTripTests.swift */; };
		827E3379224A282600DCA34F /* ManageUrTripUITests.swift in Sources */ = {isa = PBXBuildFile; fileRef = 827E3378224A282600DCA34F /* ManageUrTripUITests.swift */; };
		828DE64F2253594E00C1A942 /* Color.swift in Sources */ = {isa = PBXBuildFile; fileRef = 828DE64E2253594E00C1A942 /* Color.swift */; };
		828DE65222535DAA00C1A942 /* TablePersonalBalance_ViewController.swift in Sources */ = {isa = PBXBuildFile; fileRef = 828DE65122535DAA00C1A942 /* TablePersonalBalance_ViewController.swift */; };
		82D26FCB224BEEA800019B14 /* Friend.swift in Sources */ = {isa = PBXBuildFile; fileRef = 82D26FCA224BEEA800019B14 /* Friend.swift */; };
		82D26FCD224BEEDC00019B14 /* FriendSet.swift in Sources */ = {isa = PBXBuildFile; fileRef = 82D26FCC224BEEDC00019B14 /* FriendSet.swift */; };
		82D26FD1224BEF5C00019B14 /* FriendSetViewModel.swift in Sources */ = {isa = PBXBuildFile; fileRef = 82D26FD0224BEF5C00019B14 /* FriendSetViewModel.swift */; };
		82D26FD3224BF0CB00019B14 /* FriendDAO.swift in Sources */ = {isa = PBXBuildFile; fileRef = 82D26FD2224BF0CB00019B14 /* FriendDAO.swift */; };
		82D26FD5224BF37200019B14 /* ParticipatingFriendviewController.swift in Sources */ = {isa = PBXBuildFile; fileRef = 82D26FD4224BF37200019B14 /* ParticipatingFriendviewController.swift */; };
		82D26FD7224BF41600019B14 /* TableParticipatingController.swift in Sources */ = {isa = PBXBuildFile; fileRef = 82D26FD6224BF41600019B14 /* TableParticipatingController.swift */; };
		82FE07652253423D00E1D709 /* DetailsFriendsController.swift in Sources */ = {isa = PBXBuildFile; fileRef = 82FE07642253423D00E1D709 /* DetailsFriendsController.swift */; };
		E74A72BA224D0DCF0076C58C /* TableParticipantEmbedViewController.swift in Sources */ = {isa = PBXBuildFile; fileRef = E74A72B9224D0DCF0076C58C /* TableParticipantEmbedViewController.swift */; };
		E7B6E088224E635E00EB6843 /* CreateSpentViewController.swift in Sources */ = {isa = PBXBuildFile; fileRef = E7B6E087224E635E00EB6843 /* CreateSpentViewController.swift */; };
		E7B6E08A224E638B00EB6843 /* EmbedTransactionViewController.swift in Sources */ = {isa = PBXBuildFile; fileRef = E7B6E089224E638B00EB6843 /* EmbedTransactionViewController.swift */; };
		E7B6E08C224E66D200EB6843 /* TableFriends_TransactionViewController.swift in Sources */ = {isa = PBXBuildFile; fileRef = E7B6E08B224E66D200EB6843 /* TableFriends_TransactionViewController.swift */; };
/* End PBXBuildFile section */

/* Begin PBXContainerItemProxy section */
		827E336A224A282600DCA34F /* PBXContainerItemProxy */ = {
			isa = PBXContainerItemProxy;
			containerPortal = 827E334A224A282600DCA34F /* Project object */;
			proxyType = 1;
			remoteGlobalIDString = 827E3351224A282600DCA34F;
			remoteInfo = ManageUrTrip;
		};
		827E3375224A282600DCA34F /* PBXContainerItemProxy */ = {
			isa = PBXContainerItemProxy;
			containerPortal = 827E334A224A282600DCA34F /* Project object */;
			proxyType = 1;
			remoteGlobalIDString = 827E3351224A282600DCA34F;
			remoteInfo = ManageUrTrip;
		};
/* End PBXContainerItemProxy section */

/* Begin PBXFileReference section */
		3B267997224E7488006F2C9E /* EditTravel_ViewController.swift */ = {isa = PBXFileReference; lastKnownFileType = sourcecode.swift; path = EditTravel_ViewController.swift; sourceTree = "<group>"; };
		3B3A38AB224B7BA700D4C5D5 /* TransactionDAO.swift */ = {isa = PBXFileReference; lastKnownFileType = sourcecode.swift; path = TransactionDAO.swift; sourceTree = "<group>"; };
		3B3A38AD224B7BD200D4C5D5 /* TransactionSetViewModel.swift */ = {isa = PBXFileReference; lastKnownFileType = sourcecode.swift; path = TransactionSetViewModel.swift; sourceTree = "<group>"; };
		3B3A38AF224B7BEB00D4C5D5 /* Transaction.swift */ = {isa = PBXFileReference; lastKnownFileType = sourcecode.swift; path = Transaction.swift; sourceTree = "<group>"; };
		3B3A38B1224B7C0B00D4C5D5 /* TransactionSet.swift */ = {isa = PBXFileReference; lastKnownFileType = sourcecode.swift; path = TransactionSet.swift; sourceTree = "<group>"; };
		3B3A38B3224B7C3400D4C5D5 /* Transaction_TableViewController.swift */ = {isa = PBXFileReference; lastKnownFileType = sourcecode.swift; path = Transaction_TableViewController.swift; sourceTree = "<group>"; };
		3B3A38B5224B819500D4C5D5 /* SpendingViewController.swift */ = {isa = PBXFileReference; lastKnownFileType = sourcecode.swift; path = SpendingViewController.swift; sourceTree = "<group>"; };
		3BEE7576224B6ECB00D2ED38 /* EmbedTravelViewController.swift */ = {isa = PBXFileReference; lastKnownFileType = sourcecode.swift; path = EmbedTravelViewController.swift; sourceTree = "<group>"; };
		3BF7A0BD224D0A6100C85846 /* AlertHelper.swift */ = {isa = PBXFileReference; lastKnownFileType = sourcecode.swift; path = AlertHelper.swift; sourceTree = "<group>"; };
		4A2854B5224A62B0007EB180 /* Travel.swift */ = {isa = PBXFileReference; fileEncoding = 4; lastKnownFileType = sourcecode.swift; path = Travel.swift; sourceTree = "<group>"; };
		4A2854B7224A62E2007EB180 /* TravelDAO.swift */ = {isa = PBXFileReference; fileEncoding = 4; lastKnownFileType = sourcecode.swift; path = TravelDAO.swift; sourceTree = "<group>"; };
		4A2854B9224A630B007EB180 /* TravelSetViewModel.swift */ = {isa = PBXFileReference; fileEncoding = 4; lastKnownFileType = sourcecode.swift; path = TravelSetViewModel.swift; sourceTree = "<group>"; };
		4A2854BB224A633E007EB180 /* Travel_TableViewController.swift */ = {isa = PBXFileReference; fileEncoding = 4; lastKnownFileType = sourcecode.swift; path = Travel_TableViewController.swift; sourceTree = "<group>"; };
		4A2854BD224A65AE007EB180 /* TravelSet.swift */ = {isa = PBXFileReference; fileEncoding = 4; lastKnownFileType = sourcecode.swift; path = TravelSet.swift; sourceTree = "<group>"; };
		4A2854BF224A6F79007EB180 /* CoreDataManager.swift */ = {isa = PBXFileReference; fileEncoding = 4; lastKnownFileType = sourcecode.swift; path = CoreDataManager.swift; sourceTree = "<group>"; };
		4A84D7EF224A97A7001D644A /* ShowTravel_ViewController.swift */ = {isa = PBXFileReference; fileEncoding = 4; lastKnownFileType = sourcecode.swift; path = ShowTravel_ViewController.swift; sourceTree = "<group>"; };
		4A84D7F1224A97C6001D644A /* CreateTravel_ViewController.swift */ = {isa = PBXFileReference; fileEncoding = 4; lastKnownFileType = sourcecode.swift; path = CreateTravel_ViewController.swift; sourceTree = "<group>"; };
		4AC7D32C225266D4000F2517 /* Debt.swift */ = {isa = PBXFileReference; lastKnownFileType = sourcecode.swift; path = Debt.swift; sourceTree = "<group>"; };
		4AC7D32E225268B6000F2517 /* PersonalBalance.swift */ = {isa = PBXFileReference; lastKnownFileType = sourcecode.swift; path = PersonalBalance.swift; sourceTree = "<group>"; };
		4AC7D330225268D9000F2517 /* PersonalBalanceDAO.swift */ = {isa = PBXFileReference; lastKnownFileType = sourcecode.swift; path = PersonalBalanceDAO.swift; sourceTree = "<group>"; };
		827E3352224A282600DCA34F /* ManageUrTrip.app */ = {isa = PBXFileReference; explicitFileType = wrapper.application; includeInIndex = 0; path = ManageUrTrip.app; sourceTree = BUILT_PRODUCTS_DIR; };
		827E3355224A282600DCA34F /* AppDelegate.swift */ = {isa = PBXFileReference; lastKnownFileType = sourcecode.swift; path = AppDelegate.swift; sourceTree = "<group>"; };
		827E3357224A282600DCA34F /* ViewController.swift */ = {isa = PBXFileReference; lastKnownFileType = sourcecode.swift; path = ViewController.swift; sourceTree = "<group>"; };
		827E335A224A282600DCA34F /* Base */ = {isa = PBXFileReference; lastKnownFileType = file.storyboard; name = Base; path = Base.lproj/Main.storyboard; sourceTree = "<group>"; };
		827E335D224A282600DCA34F /* ManageUrTrip.xcdatamodel */ = {isa = PBXFileReference; lastKnownFileType = wrapper.xcdatamodel; path = ManageUrTrip.xcdatamodel; sourceTree = "<group>"; };
		827E335F224A282600DCA34F /* Assets.xcassets */ = {isa = PBXFileReference; lastKnownFileType = folder.assetcatalog; path = Assets.xcassets; sourceTree = "<group>"; };
		827E3362224A282600DCA34F /* Base */ = {isa = PBXFileReference; lastKnownFileType = file.storyboard; name = Base; path = Base.lproj/LaunchScreen.storyboard; sourceTree = "<group>"; };
		827E3364224A282600DCA34F /* Info.plist */ = {isa = PBXFileReference; lastKnownFileType = text.plist.xml; path = Info.plist; sourceTree = "<group>"; };
		827E3369224A282600DCA34F /* ManageUrTripTests.xctest */ = {isa = PBXFileReference; explicitFileType = wrapper.cfbundle; includeInIndex = 0; path = ManageUrTripTests.xctest; sourceTree = BUILT_PRODUCTS_DIR; };
		827E336D224A282600DCA34F /* ManageUrTripTests.swift */ = {isa = PBXFileReference; lastKnownFileType = sourcecode.swift; path = ManageUrTripTests.swift; sourceTree = "<group>"; };
		827E336F224A282600DCA34F /* Info.plist */ = {isa = PBXFileReference; lastKnownFileType = text.plist.xml; path = Info.plist; sourceTree = "<group>"; };
		827E3374224A282600DCA34F /* ManageUrTripUITests.xctest */ = {isa = PBXFileReference; explicitFileType = wrapper.cfbundle; includeInIndex = 0; path = ManageUrTripUITests.xctest; sourceTree = BUILT_PRODUCTS_DIR; };
		827E3378224A282600DCA34F /* ManageUrTripUITests.swift */ = {isa = PBXFileReference; lastKnownFileType = sourcecode.swift; path = ManageUrTripUITests.swift; sourceTree = "<group>"; };
		827E337A224A282600DCA34F /* Info.plist */ = {isa = PBXFileReference; lastKnownFileType = text.plist.xml; path = Info.plist; sourceTree = "<group>"; };
		828DE64E2253594E00C1A942 /* Color.swift */ = {isa = PBXFileReference; lastKnownFileType = sourcecode.swift; path = Color.swift; sourceTree = "<group>"; };
		828DE65122535DAA00C1A942 /* TablePersonalBalance_ViewController.swift */ = {isa = PBXFileReference; lastKnownFileType = sourcecode.swift; path = TablePersonalBalance_ViewController.swift; sourceTree = "<group>"; };
		82D26FCA224BEEA800019B14 /* Friend.swift */ = {isa = PBXFileReference; lastKnownFileType = sourcecode.swift; path = Friend.swift; sourceTree = "<group>"; };
		82D26FCC224BEEDC00019B14 /* FriendSet.swift */ = {isa = PBXFileReference; lastKnownFileType = sourcecode.swift; path = FriendSet.swift; sourceTree = "<group>"; };
		82D26FD0224BEF5C00019B14 /* FriendSetViewModel.swift */ = {isa = PBXFileReference; lastKnownFileType = sourcecode.swift; path = FriendSetViewModel.swift; sourceTree = "<group>"; };
		82D26FD2224BF0CB00019B14 /* FriendDAO.swift */ = {isa = PBXFileReference; lastKnownFileType = sourcecode.swift; path = FriendDAO.swift; sourceTree = "<group>"; };
		82D26FD4224BF37200019B14 /* ParticipatingFriendviewController.swift */ = {isa = PBXFileReference; lastKnownFileType = sourcecode.swift; path = ParticipatingFriendviewController.swift; sourceTree = "<group>"; };
		82D26FD6224BF41600019B14 /* TableParticipatingController.swift */ = {isa = PBXFileReference; lastKnownFileType = sourcecode.swift; path = TableParticipatingController.swift; sourceTree = "<group>"; };
		82FE07642253423D00E1D709 /* DetailsFriendsController.swift */ = {isa = PBXFileReference; lastKnownFileType = sourcecode.swift; path = DetailsFriendsController.swift; sourceTree = "<group>"; };
		E74A72B9224D0DCF0076C58C /* TableParticipantEmbedViewController.swift */ = {isa = PBXFileReference; lastKnownFileType = sourcecode.swift; path = TableParticipantEmbedViewController.swift; sourceTree = "<group>"; };
		E7B6E087224E635E00EB6843 /* CreateSpentViewController.swift */ = {isa = PBXFileReference; lastKnownFileType = sourcecode.swift; path = CreateSpentViewController.swift; sourceTree = "<group>"; };
		E7B6E089224E638B00EB6843 /* EmbedTransactionViewController.swift */ = {isa = PBXFileReference; lastKnownFileType = sourcecode.swift; path = EmbedTransactionViewController.swift; sourceTree = "<group>"; };
		E7B6E08B224E66D200EB6843 /* TableFriends_TransactionViewController.swift */ = {isa = PBXFileReference; lastKnownFileType = sourcecode.swift; path = TableFriends_TransactionViewController.swift; sourceTree = "<group>"; };
/* End PBXFileReference section */

/* Begin PBXFrameworksBuildPhase section */
		827E334F224A282600DCA34F /* Frameworks */ = {
			isa = PBXFrameworksBuildPhase;
			buildActionMask = 2147483647;
			files = (
			);
			runOnlyForDeploymentPostprocessing = 0;
		};
		827E3366224A282600DCA34F /* Frameworks */ = {
			isa = PBXFrameworksBuildPhase;
			buildActionMask = 2147483647;
			files = (
			);
			runOnlyForDeploymentPostprocessing = 0;
		};
		827E3371224A282600DCA34F /* Frameworks */ = {
			isa = PBXFrameworksBuildPhase;
			buildActionMask = 2147483647;
			files = (
			);
			runOnlyForDeploymentPostprocessing = 0;
		};
/* End PBXFrameworksBuildPhase section */

/* Begin PBXGroup section */
		3B267994224E6E5D006F2C9E /* Travel */ = {
			isa = PBXGroup;
			children = (
				827E3357224A282600DCA34F /* ViewController.swift */,
				4A2854BB224A633E007EB180 /* Travel_TableViewController.swift */,
				4A84D7EF224A97A7001D644A /* ShowTravel_ViewController.swift */,
				4A84D7F1224A97C6001D644A /* CreateTravel_ViewController.swift */,
				3BEE7576224B6ECB00D2ED38 /* EmbedTravelViewController.swift */,
				3B267997224E7488006F2C9E /* EditTravel_ViewController.swift */,
			);
			path = Travel;
			sourceTree = "<group>";
		};
		3B267995224E6E6E006F2C9E /* Participant */ = {
			isa = PBXGroup;
			children = (
				82D26FD4224BF37200019B14 /* ParticipatingFriendviewController.swift */,
				82D26FD6224BF41600019B14 /* TableParticipatingController.swift */,
				E74A72B9224D0DCF0076C58C /* TableParticipantEmbedViewController.swift */,
				82FE07642253423D00E1D709 /* DetailsFriendsController.swift */,
			);
			path = Participant;
			sourceTree = "<group>";
		};
		3B267996224E6EB2006F2C9E /* Transaction */ = {
			isa = PBXGroup;
			children = (
				3B3A38B3224B7C3400D4C5D5 /* Transaction_TableViewController.swift */,
				3B3A38B5224B819500D4C5D5 /* SpendingViewController.swift */,
				E7B6E087224E635E00EB6843 /* CreateSpentViewController.swift */,
				E7B6E089224E638B00EB6843 /* EmbedTransactionViewController.swift */,
				E7B6E08B224E66D200EB6843 /* TableFriends_TransactionViewController.swift */,
			);
			path = Transaction;
			sourceTree = "<group>";
		};
		3BF7A0BC224D06DA00C85846 /* Helper */ = {
			isa = PBXGroup;
			children = (
				3BF7A0BD224D0A6100C85846 /* AlertHelper.swift */,
			);
			path = Helper;
			sourceTree = "<group>";
		};
		827E3349224A282600DCA34F = {
			isa = PBXGroup;
			children = (
				827E3354224A282600DCA34F /* ManageUrTrip */,
				827E336C224A282600DCA34F /* ManageUrTripTests */,
				827E3377224A282600DCA34F /* ManageUrTripUITests */,
				827E3353224A282600DCA34F /* Products */,
			);
			sourceTree = "<group>";
		};
		827E3353224A282600DCA34F /* Products */ = {
			isa = PBXGroup;
			children = (
				827E3352224A282600DCA34F /* ManageUrTrip.app */,
				827E3369224A282600DCA34F /* ManageUrTripTests.xctest */,
				827E3374224A282600DCA34F /* ManageUrTripUITests.xctest */,
			);
			name = Products;
			sourceTree = "<group>";
		};
		827E3354224A282600DCA34F /* ManageUrTrip */ = {
			isa = PBXGroup;
			children = (
				3BF7A0BC224D06DA00C85846 /* Helper */,
				827E3386224A285800DCA34F /* DAO */,
				827E3387224A286400DCA34F /* ViewModel */,
				827E3388224A287100DCA34F /* Model */,
				827E3389224A287900DCA34F /* Controller */,
				827E3355224A282600DCA34F /* AppDelegate.swift */,
				827E3359224A282600DCA34F /* Main.storyboard */,
				827E335F224A282600DCA34F /* Assets.xcassets */,
				827E3364224A282600DCA34F /* Info.plist */,
				827E3361224A282600DCA34F /* LaunchScreen.storyboard */,
				827E335C224A282600DCA34F /* ManageUrTrip.xcdatamodeld */,
				4A2854BF224A6F79007EB180 /* CoreDataManager.swift */,
			);
			path = ManageUrTrip;
			sourceTree = "<group>";
		};
		827E336C224A282600DCA34F /* ManageUrTripTests */ = {
			isa = PBXGroup;
			children = (
				827E336D224A282600DCA34F /* ManageUrTripTests.swift */,
				827E336F224A282600DCA34F /* Info.plist */,
			);
			path = ManageUrTripTests;
			sourceTree = "<group>";
		};
		827E3377224A282600DCA34F /* ManageUrTripUITests */ = {
			isa = PBXGroup;
			children = (
				827E3378224A282600DCA34F /* ManageUrTripUITests.swift */,
				827E337A224A282600DCA34F /* Info.plist */,
			);
			path = ManageUrTripUITests;
			sourceTree = "<group>";
		};
		827E3386224A285800DCA34F /* DAO */ = {
			isa = PBXGroup;
			children = (
				4A2854B7224A62E2007EB180 /* TravelDAO.swift */,
				3B3A38AB224B7BA700D4C5D5 /* TransactionDAO.swift */,
				82D26FD2224BF0CB00019B14 /* FriendDAO.swift */,
				4AC7D330225268D9000F2517 /* PersonalBalanceDAO.swift */,
			);
			name = DAO;
			path = ..;
			sourceTree = "<group>";
		};
		827E3387224A286400DCA34F /* ViewModel */ = {
			isa = PBXGroup;
			children = (
				4A2854B9224A630B007EB180 /* TravelSetViewModel.swift */,
				3B3A38AD224B7BD200D4C5D5 /* TransactionSetViewModel.swift */,
				82D26FD0224BEF5C00019B14 /* FriendSetViewModel.swift */,
			);
			name = ViewModel;
			path = ..;
			sourceTree = "<group>";
		};
		827E3388224A287100DCA34F /* Model */ = {
			isa = PBXGroup;
			children = (
				4A2854B5224A62B0007EB180 /* Travel.swift */,
				4A2854BD224A65AE007EB180 /* TravelSet.swift */,
				3B3A38AF224B7BEB00D4C5D5 /* Transaction.swift */,
				3B3A38B1224B7C0B00D4C5D5 /* TransactionSet.swift */,
				82D26FCA224BEEA800019B14 /* Friend.swift */,
				82D26FCC224BEEDC00019B14 /* FriendSet.swift */,
				4AC7D32C225266D4000F2517 /* Debt.swift */,
				4AC7D32E225268B6000F2517 /* PersonalBalance.swift */,
				828DE64E2253594E00C1A942 /* Color.swift */,
			);
			name = Model;
			path = ..;
			sourceTree = "<group>";
		};
		827E3389224A287900DCA34F /* Controller */ = {
			isa = PBXGroup;
			children = (
				828DE65022535D5200C1A942 /* Sum_Up */,
				3B267996224E6EB2006F2C9E /* Transaction */,
				3B267995224E6E6E006F2C9E /* Participant */,
				3B267994224E6E5D006F2C9E /* Travel */,
			);
			name = Controller;
			path = ..;
			sourceTree = "<group>";
		};
		828DE65022535D5200C1A942 /* Sum_Up */ = {
			isa = PBXGroup;
			children = (
				828DE65122535DAA00C1A942 /* TablePersonalBalance_ViewController.swift */,
			);
			path = Sum_Up;
			sourceTree = "<group>";
		};
/* End PBXGroup section */

/* Begin PBXNativeTarget section */
		827E3351224A282600DCA34F /* ManageUrTrip */ = {
			isa = PBXNativeTarget;
			buildConfigurationList = 827E337D224A282600DCA34F /* Build configuration list for PBXNativeTarget "ManageUrTrip" */;
			buildPhases = (
				827E334E224A282600DCA34F /* Sources */,
				827E334F224A282600DCA34F /* Frameworks */,
				827E3350224A282600DCA34F /* Resources */,
			);
			buildRules = (
			);
			dependencies = (
			);
			name = ManageUrTrip;
			productName = ManageUrTrip;
			productReference = 827E3352224A282600DCA34F /* ManageUrTrip.app */;
			productType = "com.apple.product-type.application";
		};
		827E3368224A282600DCA34F /* ManageUrTripTests */ = {
			isa = PBXNativeTarget;
			buildConfigurationList = 827E3380224A282600DCA34F /* Build configuration list for PBXNativeTarget "ManageUrTripTests" */;
			buildPhases = (
				827E3365224A282600DCA34F /* Sources */,
				827E3366224A282600DCA34F /* Frameworks */,
				827E3367224A282600DCA34F /* Resources */,
			);
			buildRules = (
			);
			dependencies = (
				827E336B224A282600DCA34F /* PBXTargetDependency */,
			);
			name = ManageUrTripTests;
			productName = ManageUrTripTests;
			productReference = 827E3369224A282600DCA34F /* ManageUrTripTests.xctest */;
			productType = "com.apple.product-type.bundle.unit-test";
		};
		827E3373224A282600DCA34F /* ManageUrTripUITests */ = {
			isa = PBXNativeTarget;
			buildConfigurationList = 827E3383224A282600DCA34F /* Build configuration list for PBXNativeTarget "ManageUrTripUITests" */;
			buildPhases = (
				827E3370224A282600DCA34F /* Sources */,
				827E3371224A282600DCA34F /* Frameworks */,
				827E3372224A282600DCA34F /* Resources */,
			);
			buildRules = (
			);
			dependencies = (
				827E3376224A282600DCA34F /* PBXTargetDependency */,
			);
			name = ManageUrTripUITests;
			productName = ManageUrTripUITests;
			productReference = 827E3374224A282600DCA34F /* ManageUrTripUITests.xctest */;
			productType = "com.apple.product-type.bundle.ui-testing";
		};
/* End PBXNativeTarget section */

/* Begin PBXProject section */
		827E334A224A282600DCA34F /* Project object */ = {
			isa = PBXProject;
			attributes = {
				LastSwiftUpdateCheck = 0830;
				LastUpgradeCheck = 0830;
				ORGANIZATIONNAME = "Marine GARDEISEN";
				TargetAttributes = {
					827E3351224A282600DCA34F = {
						CreatedOnToolsVersion = 8.3.3;
						ProvisioningStyle = Automatic;
					};
					827E3368224A282600DCA34F = {
						CreatedOnToolsVersion = 8.3.3;
						ProvisioningStyle = Automatic;
						TestTargetID = 827E3351224A282600DCA34F;
					};
					827E3373224A282600DCA34F = {
						CreatedOnToolsVersion = 8.3.3;
						ProvisioningStyle = Automatic;
						TestTargetID = 827E3351224A282600DCA34F;
					};
				};
			};
			buildConfigurationList = 827E334D224A282600DCA34F /* Build configuration list for PBXProject "ManageUrTrip" */;
			compatibilityVersion = "Xcode 3.2";
			developmentRegion = English;
			hasScannedForEncodings = 0;
			knownRegions = (
				en,
				Base,
			);
			mainGroup = 827E3349224A282600DCA34F;
			productRefGroup = 827E3353224A282600DCA34F /* Products */;
			projectDirPath = "";
			projectRoot = "";
			targets = (
				827E3351224A282600DCA34F /* ManageUrTrip */,
				827E3368224A282600DCA34F /* ManageUrTripTests */,
				827E3373224A282600DCA34F /* ManageUrTripUITests */,
			);
		};
/* End PBXProject section */

/* Begin PBXResourcesBuildPhase section */
		827E3350224A282600DCA34F /* Resources */ = {
			isa = PBXResourcesBuildPhase;
			buildActionMask = 2147483647;
			files = (
				827E3363224A282600DCA34F /* LaunchScreen.storyboard in Resources */,
				827E3360224A282600DCA34F /* Assets.xcassets in Resources */,
				827E335B224A282600DCA34F /* Main.storyboard in Resources */,
			);
			runOnlyForDeploymentPostprocessing = 0;
		};
		827E3367224A282600DCA34F /* Resources */ = {
			isa = PBXResourcesBuildPhase;
			buildActionMask = 2147483647;
			files = (
			);
			runOnlyForDeploymentPostprocessing = 0;
		};
		827E3372224A282600DCA34F /* Resources */ = {
			isa = PBXResourcesBuildPhase;
			buildActionMask = 2147483647;
			files = (
			);
			runOnlyForDeploymentPostprocessing = 0;
		};
/* End PBXResourcesBuildPhase section */

/* Begin PBXSourcesBuildPhase section */
		827E334E224A282600DCA34F /* Sources */ = {
			isa = PBXSourcesBuildPhase;
			buildActionMask = 2147483647;
			files = (
				828DE65222535DAA00C1A942 /* TablePersonalBalance_ViewController.swift in Sources */,
				82D26FD7224BF41600019B14 /* TableParticipatingController.swift in Sources */,
				4A2854B8224A62E2007EB180 /* TravelDAO.swift in Sources */,
				3B3A38B2224B7C0B00D4C5D5 /* TransactionSet.swift in Sources */,
				E7B6E08C224E66D200EB6843 /* TableFriends_TransactionViewController.swift in Sources */,
				82D26FCD224BEEDC00019B14 /* FriendSet.swift in Sources */,
				4A2854BA224A630B007EB180 /* TravelSetViewModel.swift in Sources */,
				E7B6E08A224E638B00EB6843 /* EmbedTransactionViewController.swift in Sources */,
				827E3358224A282600DCA34F /* ViewController.swift in Sources */,
				82D26FD5224BF37200019B14 /* ParticipatingFriendviewController.swift in Sources */,
				3B3A38AC224B7BA700D4C5D5 /* TransactionDAO.swift in Sources */,
				4AC7D32D225266D4000F2517 /* Debt.swift in Sources */,
				3B267998224E7488006F2C9E /* EditTravel_ViewController.swift in Sources */,
				82FE07652253423D00E1D709 /* DetailsFriendsController.swift in Sources */,
				4AC7D331225268D9000F2517 /* PersonalBalanceDAO.swift in Sources */,
				3B3A38AE224B7BD200D4C5D5 /* TransactionSetViewModel.swift in Sources */,
				4A2854B6224A62B0007EB180 /* Travel.swift in Sources */,
				3BEE7577224B6ECB00D2ED38 /* EmbedTravelViewController.swift in Sources */,
				3B3A38B4224B7C3400D4C5D5 /* Transaction_TableViewController.swift in Sources */,
				4A2854BE224A65AE007EB180 /* TravelSet.swift in Sources */,
				3BF7A0BE224D0A6100C85846 /* AlertHelper.swift in Sources */,
				4A84D7F0224A97A7001D644A /* ShowTravel_ViewController.swift in Sources */,
				827E335E224A282600DCA34F /* ManageUrTrip.xcdatamodeld in Sources */,
				82D26FD1224BEF5C00019B14 /* FriendSetViewModel.swift in Sources */,
				828DE64F2253594E00C1A942 /* Color.swift in Sources */,
				82D26FD3224BF0CB00019B14 /* FriendDAO.swift in Sources */,
				4A2854C0224A6F79007EB180 /* CoreDataManager.swift in Sources */,
				82D26FCB224BEEA800019B14 /* Friend.swift in Sources */,
				4A2854BC224A633E007EB180 /* Travel_TableViewController.swift in Sources */,
				E74A72BA224D0DCF0076C58C /* TableParticipantEmbedViewController.swift in Sources */,
				4AC7D32F225268B6000F2517 /* PersonalBalance.swift in Sources */,
				4A84D7F2224A97C6001D644A /* CreateTravel_ViewController.swift in Sources */,
				827E3356224A282600DCA34F /* AppDelegate.swift in Sources */,
				E7B6E088224E635E00EB6843 /* CreateSpentViewController.swift in Sources */,
				3B3A38B6224B819500D4C5D5 /* SpendingViewController.swift in Sources */,
				3B3A38B0224B7BEB00D4C5D5 /* Transaction.swift in Sources */,
			);
			runOnlyForDeploymentPostprocessing = 0;
		};
		827E3365224A282600DCA34F /* Sources */ = {
			isa = PBXSourcesBuildPhase;
			buildActionMask = 2147483647;
			files = (
				827E336E224A282600DCA34F /* ManageUrTripTests.swift in Sources */,
			);
			runOnlyForDeploymentPostprocessing = 0;
		};
		827E3370224A282600DCA34F /* Sources */ = {
			isa = PBXSourcesBuildPhase;
			buildActionMask = 2147483647;
			files = (
				827E3379224A282600DCA34F /* ManageUrTripUITests.swift in Sources */,
			);
			runOnlyForDeploymentPostprocessing = 0;
		};
/* End PBXSourcesBuildPhase section */

/* Begin PBXTargetDependency section */
		827E336B224A282600DCA34F /* PBXTargetDependency */ = {
			isa = PBXTargetDependency;
			target = 827E3351224A282600DCA34F /* ManageUrTrip */;
			targetProxy = 827E336A224A282600DCA34F /* PBXContainerItemProxy */;
		};
		827E3376224A282600DCA34F /* PBXTargetDependency */ = {
			isa = PBXTargetDependency;
			target = 827E3351224A282600DCA34F /* ManageUrTrip */;
			targetProxy = 827E3375224A282600DCA34F /* PBXContainerItemProxy */;
		};
/* End PBXTargetDependency section */

/* Begin PBXVariantGroup section */
		827E3359224A282600DCA34F /* Main.storyboard */ = {
			isa = PBXVariantGroup;
			children = (
				827E335A224A282600DCA34F /* Base */,
			);
			name = Main.storyboard;
			sourceTree = "<group>";
		};
		827E3361224A282600DCA34F /* LaunchScreen.storyboard */ = {
			isa = PBXVariantGroup;
			children = (
				827E3362224A282600DCA34F /* Base */,
			);
			name = LaunchScreen.storyboard;
			sourceTree = "<group>";
		};
/* End PBXVariantGroup section */

/* Begin XCBuildConfiguration section */
		827E337B224A282600DCA34F /* Debug */ = {
			isa = XCBuildConfiguration;
			buildSettings = {
				ALWAYS_SEARCH_USER_PATHS = NO;
				CLANG_ANALYZER_NONNULL = YES;
				CLANG_ANALYZER_NUMBER_OBJECT_CONVERSION = YES_AGGRESSIVE;
				CLANG_CXX_LANGUAGE_STANDARD = "gnu++0x";
				CLANG_CXX_LIBRARY = "libc++";
				CLANG_ENABLE_MODULES = YES;
				CLANG_ENABLE_OBJC_ARC = YES;
				CLANG_WARN_BOOL_CONVERSION = YES;
				CLANG_WARN_CONSTANT_CONVERSION = YES;
				CLANG_WARN_DIRECT_OBJC_ISA_USAGE = YES_ERROR;
				CLANG_WARN_DOCUMENTATION_COMMENTS = YES;
				CLANG_WARN_EMPTY_BODY = YES;
				CLANG_WARN_ENUM_CONVERSION = YES;
				CLANG_WARN_INFINITE_RECURSION = YES;
				CLANG_WARN_INT_CONVERSION = YES;
				CLANG_WARN_OBJC_ROOT_CLASS = YES_ERROR;
				CLANG_WARN_SUSPICIOUS_MOVE = YES;
				CLANG_WARN_UNREACHABLE_CODE = YES;
				CLANG_WARN__DUPLICATE_METHOD_MATCH = YES;
				"CODE_SIGN_IDENTITY[sdk=iphoneos*]" = "iPhone Developer";
				COPY_PHASE_STRIP = NO;
				DEBUG_INFORMATION_FORMAT = dwarf;
				ENABLE_STRICT_OBJC_MSGSEND = YES;
				ENABLE_TESTABILITY = YES;
				GCC_C_LANGUAGE_STANDARD = gnu99;
				GCC_DYNAMIC_NO_PIC = NO;
				GCC_NO_COMMON_BLOCKS = YES;
				GCC_OPTIMIZATION_LEVEL = 0;
				GCC_PREPROCESSOR_DEFINITIONS = (
					"DEBUG=1",
					"$(inherited)",
				);
				GCC_WARN_64_TO_32_BIT_CONVERSION = YES;
				GCC_WARN_ABOUT_RETURN_TYPE = YES_ERROR;
				GCC_WARN_UNDECLARED_SELECTOR = YES;
				GCC_WARN_UNINITIALIZED_AUTOS = YES_AGGRESSIVE;
				GCC_WARN_UNUSED_FUNCTION = YES;
				GCC_WARN_UNUSED_VARIABLE = YES;
				IPHONEOS_DEPLOYMENT_TARGET = 10.3;
				MTL_ENABLE_DEBUG_INFO = YES;
				ONLY_ACTIVE_ARCH = YES;
				SDKROOT = iphoneos;
				SWIFT_ACTIVE_COMPILATION_CONDITIONS = DEBUG;
				SWIFT_OPTIMIZATION_LEVEL = "-Onone";
				TARGETED_DEVICE_FAMILY = "1,2";
			};
			name = Debug;
		};
		827E337C224A282600DCA34F /* Release */ = {
			isa = XCBuildConfiguration;
			buildSettings = {
				ALWAYS_SEARCH_USER_PATHS = NO;
				CLANG_ANALYZER_NONNULL = YES;
				CLANG_ANALYZER_NUMBER_OBJECT_CONVERSION = YES_AGGRESSIVE;
				CLANG_CXX_LANGUAGE_STANDARD = "gnu++0x";
				CLANG_CXX_LIBRARY = "libc++";
				CLANG_ENABLE_MODULES = YES;
				CLANG_ENABLE_OBJC_ARC = YES;
				CLANG_WARN_BOOL_CONVERSION = YES;
				CLANG_WARN_CONSTANT_CONVERSION = YES;
				CLANG_WARN_DIRECT_OBJC_ISA_USAGE = YES_ERROR;
				CLANG_WARN_DOCUMENTATION_COMMENTS = YES;
				CLANG_WARN_EMPTY_BODY = YES;
				CLANG_WARN_ENUM_CONVERSION = YES;
				CLANG_WARN_INFINITE_RECURSION = YES;
				CLANG_WARN_INT_CONVERSION = YES;
				CLANG_WARN_OBJC_ROOT_CLASS = YES_ERROR;
				CLANG_WARN_SUSPICIOUS_MOVE = YES;
				CLANG_WARN_UNREACHABLE_CODE = YES;
				CLANG_WARN__DUPLICATE_METHOD_MATCH = YES;
				"CODE_SIGN_IDENTITY[sdk=iphoneos*]" = "iPhone Developer";
				COPY_PHASE_STRIP = NO;
				DEBUG_INFORMATION_FORMAT = "dwarf-with-dsym";
				ENABLE_NS_ASSERTIONS = NO;
				ENABLE_STRICT_OBJC_MSGSEND = YES;
				GCC_C_LANGUAGE_STANDARD = gnu99;
				GCC_NO_COMMON_BLOCKS = YES;
				GCC_WARN_64_TO_32_BIT_CONVERSION = YES;
				GCC_WARN_ABOUT_RETURN_TYPE = YES_ERROR;
				GCC_WARN_UNDECLARED_SELECTOR = YES;
				GCC_WARN_UNINITIALIZED_AUTOS = YES_AGGRESSIVE;
				GCC_WARN_UNUSED_FUNCTION = YES;
				GCC_WARN_UNUSED_VARIABLE = YES;
				IPHONEOS_DEPLOYMENT_TARGET = 10.3;
				MTL_ENABLE_DEBUG_INFO = NO;
				SDKROOT = iphoneos;
				SWIFT_OPTIMIZATION_LEVEL = "-Owholemodule";
				TARGETED_DEVICE_FAMILY = "1,2";
				VALIDATE_PRODUCT = YES;
			};
			name = Release;
		};
		827E337E224A282600DCA34F /* Debug */ = {
			isa = XCBuildConfiguration;
			buildSettings = {
				ASSETCATALOG_COMPILER_APPICON_NAME = AppIcon;
				INFOPLIST_FILE = ManageUrTrip/Info.plist;
				LD_RUNPATH_SEARCH_PATHS = "$(inherited) @executable_path/Frameworks";
				PRODUCT_BUNDLE_IDENTIFIER = "Marine-Ines.ManageUrTrip";
				PRODUCT_NAME = "$(TARGET_NAME)";
				SWIFT_VERSION = 3.0;
			};
			name = Debug;
		};
		827E337F224A282600DCA34F /* Release */ = {
			isa = XCBuildConfiguration;
			buildSettings = {
				ASSETCATALOG_COMPILER_APPICON_NAME = AppIcon;
				INFOPLIST_FILE = ManageUrTrip/Info.plist;
				LD_RUNPATH_SEARCH_PATHS = "$(inherited) @executable_path/Frameworks";
				PRODUCT_BUNDLE_IDENTIFIER = "Marine-Ines.ManageUrTrip";
				PRODUCT_NAME = "$(TARGET_NAME)";
				SWIFT_VERSION = 3.0;
			};
			name = Release;
		};
		827E3381224A282600DCA34F /* Debug */ = {
			isa = XCBuildConfiguration;
			buildSettings = {
				ALWAYS_EMBED_SWIFT_STANDARD_LIBRARIES = YES;
				BUNDLE_LOADER = "$(TEST_HOST)";
				INFOPLIST_FILE = ManageUrTripTests/Info.plist;
				LD_RUNPATH_SEARCH_PATHS = "$(inherited) @executable_path/Frameworks @loader_path/Frameworks";
				PRODUCT_BUNDLE_IDENTIFIER = "Marine-Ines.ManageUrTripTests";
				PRODUCT_NAME = "$(TARGET_NAME)";
				SWIFT_VERSION = 3.0;
				TEST_HOST = "$(BUILT_PRODUCTS_DIR)/ManageUrTrip.app/ManageUrTrip";
			};
			name = Debug;
		};
		827E3382224A282600DCA34F /* Release */ = {
			isa = XCBuildConfiguration;
			buildSettings = {
				ALWAYS_EMBED_SWIFT_STANDARD_LIBRARIES = YES;
				BUNDLE_LOADER = "$(TEST_HOST)";
				INFOPLIST_FILE = ManageUrTripTests/Info.plist;
				LD_RUNPATH_SEARCH_PATHS = "$(inherited) @executable_path/Frameworks @loader_path/Frameworks";
				PRODUCT_BUNDLE_IDENTIFIER = "Marine-Ines.ManageUrTripTests";
				PRODUCT_NAME = "$(TARGET_NAME)";
				SWIFT_VERSION = 3.0;
				TEST_HOST = "$(BUILT_PRODUCTS_DIR)/ManageUrTrip.app/ManageUrTrip";
			};
			name = Release;
		};
		827E3384224A282600DCA34F /* Debug */ = {
			isa = XCBuildConfiguration;
			buildSettings = {
				ALWAYS_EMBED_SWIFT_STANDARD_LIBRARIES = YES;
				INFOPLIST_FILE = ManageUrTripUITests/Info.plist;
				LD_RUNPATH_SEARCH_PATHS = "$(inherited) @executable_path/Frameworks @loader_path/Frameworks";
				PRODUCT_BUNDLE_IDENTIFIER = "Marine-Ines.ManageUrTripUITests";
				PRODUCT_NAME = "$(TARGET_NAME)";
				SWIFT_VERSION = 3.0;
				TEST_TARGET_NAME = ManageUrTrip;
			};
			name = Debug;
		};
		827E3385224A282600DCA34F /* Release */ = {
			isa = XCBuildConfiguration;
			buildSettings = {
				ALWAYS_EMBED_SWIFT_STANDARD_LIBRARIES = YES;
				INFOPLIST_FILE = ManageUrTripUITests/Info.plist;
				LD_RUNPATH_SEARCH_PATHS = "$(inherited) @executable_path/Frameworks @loader_path/Frameworks";
				PRODUCT_BUNDLE_IDENTIFIER = "Marine-Ines.ManageUrTripUITests";
				PRODUCT_NAME = "$(TARGET_NAME)";
				SWIFT_VERSION = 3.0;
				TEST_TARGET_NAME = ManageUrTrip;
			};
			name = Release;
		};
/* End XCBuildConfiguration section */

/* Begin XCConfigurationList section */
		827E334D224A282600DCA34F /* Build configuration list for PBXProject "ManageUrTrip" */ = {
			isa = XCConfigurationList;
			buildConfigurations = (
				827E337B224A282600DCA34F /* Debug */,
				827E337C224A282600DCA34F /* Release */,
			);
			defaultConfigurationIsVisible = 0;
			defaultConfigurationName = Release;
		};
		827E337D224A282600DCA34F /* Build configuration list for PBXNativeTarget "ManageUrTrip" */ = {
			isa = XCConfigurationList;
			buildConfigurations = (
				827E337E224A282600DCA34F /* Debug */,
				827E337F224A282600DCA34F /* Release */,
			);
			defaultConfigurationIsVisible = 0;
			defaultConfigurationName = Release;
		};
		827E3380224A282600DCA34F /* Build configuration list for PBXNativeTarget "ManageUrTripTests" */ = {
			isa = XCConfigurationList;
			buildConfigurations = (
				827E3381224A282600DCA34F /* Debug */,
				827E3382224A282600DCA34F /* Release */,
			);
			defaultConfigurationIsVisible = 0;
			defaultConfigurationName = Release;
		};
		827E3383224A282600DCA34F /* Build configuration list for PBXNativeTarget "ManageUrTripUITests" */ = {
			isa = XCConfigurationList;
			buildConfigurations = (
				827E3384224A282600DCA34F /* Debug */,
				827E3385224A282600DCA34F /* Release */,
			);
			defaultConfigurationIsVisible = 0;
			defaultConfigurationName = Release;
		};
/* End XCConfigurationList section */

/* Begin XCVersionGroup section */
		827E335C224A282600DCA34F /* ManageUrTrip.xcdatamodeld */ = {
			isa = XCVersionGroup;
			children = (
				827E335D224A282600DCA34F /* ManageUrTrip.xcdatamodel */,
			);
			currentVersion = 827E335D224A282600DCA34F /* ManageUrTrip.xcdatamodel */;
			path = ManageUrTrip.xcdatamodeld;
			sourceTree = "<group>";
			versionGroupType = wrapper.xcdatamodel;
		};
/* End XCVersionGroup section */
	};
	rootObject = 827E334A224A282600DCA34F /* Project object */;
}
